{
    "_meta": {
        "hash": {
            "sha256": "dfd9c3ec1d24f69d12317d28a3021ab0c862ac3e31aa6dcb284935b62bab59d8"
        },
        "pipfile-spec": 6,
        "requires": {
            "python_version": "3.11"
        },
        "sources": [
            {
                "name": "pypi",
                "url": "https://pypi.org/simple",
                "verify_ssl": true
            }
        ]
    },
    "default": {
        "arrow": {
            "hashes": [
                "sha256:c728b120ebc00eb84e01882a6f5e7927a53960aa990ce7dd2b10f39005a67f80",
                "sha256:d4540617648cb5f895730f1ad8c82a65f2dad0166f57b75f3ca54759c4d67a85"
            ],
            "markers": "python_version >= '3.8'",
            "version": "==1.3.0"
        },
        "async-timeout": {
            "hashes": [
                "sha256:4640d96be84d82d02ed59ea2b7105a0f7b33abe8703703cd0ab0bf87c427522f",
                "sha256:7405140ff1230c310e51dc27b3145b9092d659ce68ff733fb0cefe3ee42be028"
            ],
            "markers": "python_full_version < '3.11.3'",
            "version": "==4.0.3"
        },
        "bleak": {
            "hashes": [
                "sha256:09010c0f4bd843e7dcaa1652e1bfb2450ce690da08d4c6163f0723aaa986e9fe",
                "sha256:8395c9e096f28e0ba1f3e6a8619fa21c327c484f720b7af3ea578d04f498a458"
            ],
            "index": "pypi",
            "markers": "python_version < '3.13' and python_version >= '3.8'",
            "version": "==0.22.2"
        },
        "bleak-winrt": {
            "hashes": [
                "sha256:0577d070251b9354fc6c45ffac57e39341ebb08ead014b1bdbd43e211d2ce1d6",
                "sha256:98c1b5a6a6c431ac7f76aa4285b752fe14a1c626bd8a1dfa56f66173ff120bee"
            ],
            "markers": "python_version < '3.12' and platform_system == 'Windows'",
            "version": "==1.2.0"
        },
        "click": {
            "hashes": [
                "sha256:ae74fb96c20a0277a1d615f1e4d73c8414f5a98db8b799a7931d1582f3390c28",
                "sha256:ca9853ad459e787e2192211578cc907e7594e294c7ccc834310722b41b9ca6de"
            ],
            "markers": "python_version >= '3.7'",
            "version": "==8.1.7"
        },
        "colorama": {
            "hashes": [
                "sha256:08695f5cb7ed6e0531a20572697297273c47b8cae5a63ffc6d6ed5c201be6e44",
                "sha256:4f1d9991f5acc0ca119f9d443620b77f9d6b33703e51011c16baf57afb285fc6"
            ],
            "markers": "platform_system == 'Windows'",
            "version": "==0.4.6"
        },
        "llvmlite": {
            "hashes": [
                "sha256:7e0c4c11c8c2aa9b0701f91b799cb9134a6a6de51444eff5a9087fc7c1384275",
                "sha256:f92b09243c0cc3f457da8b983f67bd8e1295d0f5b3746c7a1861d7a99403854a"
            ],
            "markers": "python_version >= '3.9'",
            "version": "==0.42.0"
        },
        "numba": {
            "hashes": [
                "sha256:0594b3dfb369fada1f8bb2e3045cd6c61a564c62e50cf1f86b4666bc721b3450",
                "sha256:76f69132b96028d2774ed20415e8c528a34e3299a40581bae178f0994a2f370b"
            ],
            "index": "pypi",
            "markers": "python_version >= '3.9'",
            "version": "==0.59.1"
        },
        "numpy": {
            "hashes": [
                "sha256:2a02aba9ed12e4ac4eb3ea9421c420301a0c6460d9830d74a9df87efa4912010",
                "sha256:cd25bcecc4974d09257ffcd1f098ee778f7834c3ad767fe5db785be9a4aa9cb2"
            ],
            "markers": "python_version >= '3.9'",
            "version": "==1.26.4"
        },
        "python-dateutil": {
            "hashes": [
                "sha256:37dd54208da7e1cd875388217d5e00ebd4179249f90fb72437e91a35459a0ad3",
                "sha256:a8b2bc7bffae282281c8140a97d3aa9c14da0b136dfe83f850eea9a5f7470427"
            ],
            "markers": "python_version >= '2.7' and python_version not in '3.0, 3.1, 3.2, 3.3'",
            "version": "==2.9.0.post0"
        },
        "python-environ": {
            "hashes": [
                "sha256:6249a14057f95aba3b4906d73276f770e01e659f8098b3f3b34295feac42865b"
            ],
            "index": "pypi",
            "version": "==0.4.54"
        },
        "redis": {
            "hashes": [
                "sha256:30b47d4ebb6b7a0b9b40c1275a19b87bb6f46b3bed82a89012cf56dea4024ada",
                "sha256:3417688621acf6ee368dec4a04dd95881be24efd34c79f00d31f62bb528800ae"
            ],
            "index": "pypi",
            "markers": "python_version >= '3.7'",
            "version": "==5.0.5"
        },
        "rq": {
            "hashes": [
                "sha256:52e619f6cb469b00e04da74305045d244b75fecb2ecaa4f26422add57d3c5f09",
                "sha256:5c5b9ad5fbaf792b8fada25cc7627f4d206a9a4455aced371d4f501cc3f13b34"
            ],
            "index": "pypi",
            "markers": "python_version >= '3.7'",
            "version": "==1.16.2"
        },
        "rq-win": {
            "git": "git+https://github.com/michaelbrooks/rq-win.git#egg=rq-win",
            "ref": "c6e65e38f8a6ca99a0c8e0dd6fe35f9b92837cca"
        },
        "six": {
            "hashes": [
                "sha256:1e61c37477a1626458e36f7b1d82aa5c9b094fa4802892072e49de9c60c4c926",
                "sha256:8abb2f1d86890a2dfb989f9a77cfcfd3e47c2a354b01111771326f8aa26e0254"
            ],
            "markers": "python_version >= '2.7' and python_version not in '3.0, 3.1, 3.2, 3.3'",
            "version": "==1.16.0"
        },
        "times": {
            "hashes": [
                "sha256:71a47e488fb727fecbd2bc6b4e3559fd4425eb6e20c68b1418069325a4c58a37",
                "sha256:ed9da7bd0384ff4e1b3fc84114c27c2e3987072dbaf24425340bfedd405bc4b5"
            ],
            "version": "==0.7"
        },
        "types-python-dateutil": {
            "hashes": [
                "sha256:5d2f2e240b86905e40944dd787db6da9263f0deabef1076ddaed797351ec0202",
                "sha256:6b8cb66d960771ce5ff974e9dd45e38facb81718cc1e208b10b1baccbfdbee3b"
            ],
            "markers": "python_version >= '3.8'",
            "version": "==2.9.0.20240316"
        },
        "typing-extensions": {
            "hashes": [
                "sha256:04e5ca0351e0f3f85c6853954072df659d0d13fac324d0072316b67d7794700d",
                "sha256:1a7ead55c7e559dd4dee8856e3a88b41225abfe1ce8df57b7c13915fe121ffb8"
            ],
            "markers": "python_version < '3.12'",
            "version": "==4.12.2"
        },
        "websockets": {
            "hashes": [
                "sha256:25eb766c8ad27da0f79420b2af4b85d29914ba0edf69f547cc4f06ca6f1d403b",
                "sha256:81df9cbcbb6c260de1e007e58c011bfebe2dafc8435107b0537f393dd38c8b1b",
                "sha256:dc284bbc8d7c78a6c69e0c7325ab46ee5e40bb4d50e494d8131a07ef47500e9e"
            ],
            "index": "pypi",
            "markers": "python_version >= '3.8'",
            "version": "==12.0"
        }
    },
    "develop": {}
}
