{
    "_meta": {
        "hash": {
            "sha256": "fc82460a2a9efc8506fafa4b30b8481ff75d8abf6943d99784a7b38b7ad4b776"
        },
        "pipfile-spec": 6,
        "requires": {
            "python_version": "3.11"
        },
        "sources": [
            {
                "name": "pypi",
                "url": "https://pypi.org/simple",
                "verify_ssl": true
            }
        ]
    },
    "default": {
        "async-timeout": {
            "hashes": [
                "sha256:4640d96be84d82d02ed59ea2b7105a0f7b33abe8703703cd0ab0bf87c427522f",
                "sha256:7405140ff1230c310e51dc27b3145b9092d659ce68ff733fb0cefe3ee42be028"
            ],
            "markers": "python_full_version < '3.11.3'",
            "version": "==4.0.3"
        },
        "bleak": {
            "hashes": [
                "sha256:09010c0f4bd843e7dcaa1652e1bfb2450ce690da08d4c6163f0723aaa986e9fe",
                "sha256:8395c9e096f28e0ba1f3e6a8619fa21c327c484f720b7af3ea578d04f498a458"
            ],
            "index": "pypi",
            "markers": "python_version < '3.13' and python_version >= '3.8'",
            "version": "==0.22.2"
        },
        "bleak-winrt": {
            "hashes": [
                "sha256:0577d070251b9354fc6c45ffac57e39341ebb08ead014b1bdbd43e211d2ce1d6",
                "sha256:98c1b5a6a6c431ac7f76aa4285b752fe14a1c626bd8a1dfa56f66173ff120bee"
            ],
            "markers": "python_version < '3.12' and platform_system == 'Windows'",
            "version": "==1.2.0"
        },
        "llvmlite": {
            "hashes": [
                "sha256:7e0c4c11c8c2aa9b0701f91b799cb9134a6a6de51444eff5a9087fc7c1384275",
                "sha256:f92b09243c0cc3f457da8b983f67bd8e1295d0f5b3746c7a1861d7a99403854a"
            ],
            "markers": "python_version >= '3.9'",
            "version": "==0.42.0"
        },
        "numba": {
            "hashes": [
                "sha256:0594b3dfb369fada1f8bb2e3045cd6c61a564c62e50cf1f86b4666bc721b3450",
                "sha256:76f69132b96028d2774ed20415e8c528a34e3299a40581bae178f0994a2f370b"
            ],
            "index": "pypi",
            "markers": "python_version >= '3.9'",
            "version": "==0.59.1"
        },
        "numpy": {
            "hashes": [
                "sha256:2a02aba9ed12e4ac4eb3ea9421c420301a0c6460d9830d74a9df87efa4912010",
                "sha256:cd25bcecc4974d09257ffcd1f098ee778f7834c3ad767fe5db785be9a4aa9cb2"
            ],
            "index": "pypi",
            "markers": "python_version >= '3.9'",
            "version": "==1.26.4"
        },
        "python-environ": {
            "hashes": [
                "sha256:6249a14057f95aba3b4906d73276f770e01e659f8098b3f3b34295feac42865b"
            ],
            "index": "pypi",
            "version": "==0.4.54"
        },
        "redis": {
            "hashes": [
                "sha256:30b47d4ebb6b7a0b9b40c1275a19b87bb6f46b3bed82a89012cf56dea4024ada",
                "sha256:3417688621acf6ee368dec4a04dd95881be24efd34c79f00d31f62bb528800ae"
            ],
            "index": "pypi",
            "markers": "python_version >= '3.7'",
            "version": "==5.0.5"
        },
        "typing-extensions": {
            "hashes": [
                "sha256:04e5ca0351e0f3f85c6853954072df659d0d13fac324d0072316b67d7794700d",
                "sha256:1a7ead55c7e559dd4dee8856e3a88b41225abfe1ce8df57b7c13915fe121ffb8"
            ],
            "markers": "python_version < '3.12'",
            "version": "==4.12.2"
        },
        "websockets": {
            "hashes": [
                "sha256:25eb766c8ad27da0f79420b2af4b85d29914ba0edf69f547cc4f06ca6f1d403b",
                "sha256:81df9cbcbb6c260de1e007e58c011bfebe2dafc8435107b0537f393dd38c8b1b",
                "sha256:dc284bbc8d7c78a6c69e0c7325ab46ee5e40bb4d50e494d8131a07ef47500e9e"
            ],
            "index": "pypi",
            "markers": "python_version >= '3.8'",
            "version": "==12.0"
        }
    },
    "develop": {}
}
